
Microsoft Visual Studio Solution File, Format Version 12.00
# Visual Studio 14
VisualStudioVersion = 14.0.25420.1
MinimumVisualStudioVersion = 10.0.40219.1
Project("{FAE04EC0-301F-11D3-BF4B-00C04F79EFBC}") = "MediaButler.WorkflowStep", "MediaButler.WorkflowStep\MediaButler.WorkflowStep.csproj", "{50F2E62F-D8B9-4DF9-8309-6469DA9C2C3B}"
EndProject
Project("{FAE04EC0-301F-11D3-BF4B-00C04F79EFBC}") = "MediaButler.Common", "MediaButler.Common\MediaButler.Common.csproj", "{4DCFBA42-A61E-42DC-9FC8-55FA920D5F0E}"
EndProject
Project("{FAE04EC0-301F-11D3-BF4B-00C04F79EFBC}") = "MediaButler.BaseProcess", "MediaButler.BaseProcess\MediaButler.BaseProcess.csproj", "{9C95F03C-D005-47ED-8B4E-43420F7D9FC1}"
EndProject
Project("{FAE04EC0-301F-11D3-BF4B-00C04F79EFBC}") = "MediaButlerWebJobHost", "MediaButlerWebJobHost\MediaButlerWebJobHost.csproj", "{F9BD1939-303C-43BB-B9A8-288B79802DD2}"
EndProject
Project("{2150E333-8FDC-42A3-9474-1A3956D46DE8}") = "Deployment", "Deployment", "{75FAC6BD-9AFA-4272-866B-91AE8460CC86}"
	ProjectSection(SolutionItems) = preProject
		..\Deployment\json.json = ..\Deployment\json.json
		..\Deployment\mbfAzureDeploy.json = ..\Deployment\mbfAzureDeploy.json
		..\Deployment\zeroTouchDeploy.ps1 = ..\Deployment\zeroTouchDeploy.ps1
	EndProjectSection
EndProject
Project("{2150E333-8FDC-42A3-9474-1A3956D46DE8}") = "Host Projects", "Host Projects", "{C8CEB15A-655B-4855-836A-CC32DEB3EE80}"
EndProject
Project("{FAE04EC0-301F-11D3-BF4B-00C04F79EFBC}") = "MBFWebApp", "MBFWebApp\MBFWebApp.csproj", "{A9BFECEF-FF4A-47D1-880E-5D3441F0AF1F}"
EndProject
Global
	GlobalSection(SolutionConfigurationPlatforms) = preSolution
		Debug|Any CPU = Debug|Any CPU
		Release|Any CPU = Release|Any CPU
	EndGlobalSection
	GlobalSection(ProjectConfigurationPlatforms) = postSolution
		{50F2E62F-D8B9-4DF9-8309-6469DA9C2C3B}.Debug|Any CPU.ActiveCfg = Debug|Any CPU
		{50F2E62F-D8B9-4DF9-8309-6469DA9C2C3B}.Debug|Any CPU.Build.0 = Debug|Any CPU
		{50F2E62F-D8B9-4DF9-8309-6469DA9C2C3B}.Release|Any CPU.ActiveCfg = Release|Any CPU
		{50F2E62F-D8B9-4DF9-8309-6469DA9C2C3B}.Release|Any CPU.Build.0 = Release|Any CPU
		{4DCFBA42-A61E-42DC-9FC8-55FA920D5F0E}.Debug|Any CPU.ActiveCfg = Debug|Any CPU
		{4DCFBA42-A61E-42DC-9FC8-55FA920D5F0E}.Debug|Any CPU.Build.0 = Debug|Any CPU
		{4DCFBA42-A61E-42DC-9FC8-55FA920D5F0E}.Release|Any CPU.ActiveCfg = Release|Any CPU
		{4DCFBA42-A61E-42DC-9FC8-55FA920D5F0E}.Release|Any CPU.Build.0 = Release|Any CPU
		{9C95F03C-D005-47ED-8B4E-43420F7D9FC1}.Debug|Any CPU.ActiveCfg = Debug|Any CPU
		{9C95F03C-D005-47ED-8B4E-43420F7D9FC1}.Debug|Any CPU.Build.0 = Debug|Any CPU
		{9C95F03C-D005-47ED-8B4E-43420F7D9FC1}.Release|Any CPU.ActiveCfg = Release|Any CPU
		{9C95F03C-D005-47ED-8B4E-43420F7D9FC1}.Release|Any CPU.Build.0 = Release|Any CPU
		{F9BD1939-303C-43BB-B9A8-288B79802DD2}.Debug|Any CPU.ActiveCfg = Debug|Any CPU
		{F9BD1939-303C-43BB-B9A8-288B79802DD2}.Debug|Any CPU.Build.0 = Debug|Any CPU
		{F9BD1939-303C-43BB-B9A8-288B79802DD2}.Release|Any CPU.ActiveCfg = Release|Any CPU
		{F9BD1939-303C-43BB-B9A8-288B79802DD2}.Release|Any CPU.Build.0 = Release|Any CPU
		{A9BFECEF-FF4A-47D1-880E-5D3441F0AF1F}.Debug|Any CPU.ActiveCfg = Debug|Any CPU
		{A9BFECEF-FF4A-47D1-880E-5D3441F0AF1F}.Debug|Any CPU.Build.0 = Debug|Any CPU
		{A9BFECEF-FF4A-47D1-880E-5D3441F0AF1F}.Release|Any CPU.ActiveCfg = Release|Any CPU
		{A9BFECEF-FF4A-47D1-880E-5D3441F0AF1F}.Release|Any CPU.Build.0 = Release|Any CPU
	EndGlobalSection
	GlobalSection(SolutionProperties) = preSolution
		HideSolutionNode = FALSE
	EndGlobalSection
	GlobalSection(NestedProjects) = preSolution
		{F9BD1939-303C-43BB-B9A8-288B79802DD2} = {C8CEB15A-655B-4855-836A-CC32DEB3EE80}
		{A9BFECEF-FF4A-47D1-880E-5D3441F0AF1F} = {C8CEB15A-655B-4855-836A-CC32DEB3EE80}
	EndGlobalSection
	GlobalSection(ExtensibilityGlobals) = postSolution
		EnterpriseLibraryConfigurationToolBinariesPath = packages\TransientFaultHandling.Core.5.1.1209.1\lib\NET4
	EndGlobalSection
EndGlobal
